
Microsoft Visual Studio Solution File, Format Version 12.00
# Visual Studio Version 17
VisualStudioVersion = 17.4.33110.190
MinimumVisualStudioVersion = 10.0.40219.1
Project("{9A19103F-16F7-4668-BE54-9A1E7A4F7556}") = "Trybe", "Trybe\Trybe.csproj", "{2161D85C-3C29-4210-A5C5-B6BFD1E00323}"
EndProject
Project("{2150E333-8FDC-42A3-9474-1A3956D46DE8}") = "1 - Application", "1 - Application", "{6CAD6DA2-EEA9-4D4B-8531-0A5C2B5590AD}"
EndProject
Project("{2150E333-8FDC-42A3-9474-1A3956D46DE8}") = "2 - Domain", "2 - Domain", "{74B4E333-0C65-4334-A42C-31132FB7D982}"
EndProject
Project("{9A19103F-16F7-4668-BE54-9A1E7A4F7556}") = "Trybe.Domain", "Trybe.Domain\Trybe.Domain.csproj", "{92DA4A44-F825-46E9-BB92-6DCBD3D1676D}"
EndProject
Project("{2150E333-8FDC-42A3-9474-1A3956D46DE8}") = "3 - Infra", "3 - Infra", "{C4746F9E-699A-4212-821F-CF7325750976}"
EndProject
Project("{FAE04EC0-301F-11D3-BF4B-00C04F79EFBC}") = "Trybe.Repository", "Trybe.Repository\Trybe.Repository.csproj", "{9960830E-12E6-4CEA-9EE2-400F8D1B6697}"
EndProject
Global
	GlobalSection(SolutionConfigurationPlatforms) = preSolution
		Debug|Any CPU = Debug|Any CPU
		Release|Any CPU = Release|Any CPU
	EndGlobalSection
	GlobalSection(ProjectConfigurationPlatforms) = postSolution
		{2161D85C-3C29-4210-A5C5-B6BFD1E00323}.Debug|Any CPU.ActiveCfg = Debug|Any CPU
		{2161D85C-3C29-4210-A5C5-B6BFD1E00323}.Debug|Any CPU.Build.0 = Debug|Any CPU
		{2161D85C-3C29-4210-A5C5-B6BFD1E00323}.Release|Any CPU.ActiveCfg = Release|Any CPU
		{2161D85C-3C29-4210-A5C5-B6BFD1E00323}.Release|Any CPU.Build.0 = Release|Any CPU
		{92DA4A44-F825-46E9-BB92-6DCBD3D1676D}.Debug|Any CPU.ActiveCfg = Debug|Any CPU
		{92DA4A44-F825-46E9-BB92-6DCBD3D1676D}.Debug|Any CPU.Build.0 = Debug|Any CPU
		{92DA4A44-F825-46E9-BB92-6DCBD3D1676D}.Release|Any CPU.ActiveCfg = Release|Any CPU
		{92DA4A44-F825-46E9-BB92-6DCBD3D1676D}.Release|Any CPU.Build.0 = Release|Any CPU
		{9960830E-12E6-4CEA-9EE2-400F8D1B6697}.Debug|Any CPU.ActiveCfg = Debug|Any CPU
		{9960830E-12E6-4CEA-9EE2-400F8D1B6697}.Debug|Any CPU.Build.0 = Debug|Any CPU
		{9960830E-12E6-4CEA-9EE2-400F8D1B6697}.Release|Any CPU.ActiveCfg = Release|Any CPU
		{9960830E-12E6-4CEA-9EE2-400F8D1B6697}.Release|Any CPU.Build.0 = Release|Any CPU
	EndGlobalSection
	GlobalSection(SolutionProperties) = preSolution
		HideSolutionNode = FALSE
	EndGlobalSection
	GlobalSection(NestedProjects) = preSolution
		{2161D85C-3C29-4210-A5C5-B6BFD1E00323} = {6CAD6DA2-EEA9-4D4B-8531-0A5C2B5590AD}
		{92DA4A44-F825-46E9-BB92-6DCBD3D1676D} = {74B4E333-0C65-4334-A42C-31132FB7D982}
		{9960830E-12E6-4CEA-9EE2-400F8D1B6697} = {C4746F9E-699A-4212-821F-CF7325750976}
	EndGlobalSection
	GlobalSection(ExtensibilityGlobals) = postSolution
		SolutionGuid = {640D37FC-3833-45BB-A299-85768599E1BF}
	EndGlobalSection
EndGlobal
